
Microsoft Visual Studio Solution File, Format Version 12.00
# Visual Studio 15
Project("{FAE04EC0-301F-11D3-BF4B-00C04F79EFBC}") = "IPInfo-Reloaded", "IPInfo-Reloaded\IPInfo-Reloaded.csproj", "{D2F04513-C36F-4B8B-BB71-C4CFD5F99345}"
EndProject
Global
	GlobalSection(SolutionConfigurationPlatforms) = preSolution
		Debug|anycpu = Debug|anycpu
		Release|anycpu = Release|anycpu
	EndGlobalSection
	GlobalSection(ProjectConfigurationPlatforms) = postSolution
		{D2F04513-C36F-4B8B-BB71-C4CFD5F99345}.Debug|anycpu.ActiveCfg = Debug|anycpu
		{D2F04513-C36F-4B8B-BB71-C4CFD5F99345}.Debug|anycpu.Build.0 = Debug|anycpu
		{D2F04513-C36F-4B8B-BB71-C4CFD5F99345}.Release|anycpu.ActiveCfg = Release|anycpu
		{D2F04513-C36F-4B8B-BB71-C4CFD5F99345}.Release|anycpu.Build.0 = Release|anycpu
	EndGlobalSection
EndGlobal
